
Microsoft Visual Studio Solution File, Format Version 12.00
# Visual Studio Version 17
VisualStudioVersion = 17.4.33205.214
MinimumVisualStudioVersion = 10.0.40219.1
Project("{FAE04EC0-301F-11D3-BF4B-00C04F79EFBC}") = "API", "API\API.csproj", "{7C488089-368A-4E6E-BD13-D58D9DEB535D}"
EndProject
Project("{FAE04EC0-301F-11D3-BF4B-00C04F79EFBC}") = "Application", "Application\Application.csproj", "{9D70E43D-FB78-4E67-9CA9-794F06046DC7}"
EndProject
Project("{FAE04EC0-301F-11D3-BF4B-00C04F79EFBC}") = "Domain", "Domain\Domain.csproj", "{359496EF-0BBA-444E-B196-D093F4890D6E}"
EndProject
Project("{FAE04EC0-301F-11D3-BF4B-00C04F79EFBC}") = "Infrastructure", "Infrastructure\Infrastructure.csproj", "{74ECE2D0-A899-4EB4-A467-5EDCADEE8277}"
EndProject
Global
	GlobalSection(SolutionConfigurationPlatforms) = preSolution
		Debug|Any CPU = Debug|Any CPU
		Release|Any CPU = Release|Any CPU
	EndGlobalSection
	GlobalSection(ProjectConfigurationPlatforms) = postSolution
		{7C488089-368A-4E6E-BD13-D58D9DEB535D}.Debug|Any CPU.ActiveCfg = Debug|Any CPU
		{7C488089-368A-4E6E-BD13-D58D9DEB535D}.Debug|Any CPU.Build.0 = Debug|Any CPU
		{7C488089-368A-4E6E-BD13-D58D9DEB535D}.Release|Any CPU.ActiveCfg = Release|Any CPU
		{7C488089-368A-4E6E-BD13-D58D9DEB535D}.Release|Any CPU.Build.0 = Release|Any CPU
		{9D70E43D-FB78-4E67-9CA9-794F06046DC7}.Debug|Any CPU.ActiveCfg = Debug|Any CPU
		{9D70E43D-FB78-4E67-9CA9-794F06046DC7}.Debug|Any CPU.Build.0 = Debug|Any CPU
		{9D70E43D-FB78-4E67-9CA9-794F06046DC7}.Release|Any CPU.ActiveCfg = Release|Any CPU
		{9D70E43D-FB78-4E67-9CA9-794F06046DC7}.Release|Any CPU.Build.0 = Release|Any CPU
		{359496EF-0BBA-444E-B196-D093F4890D6E}.Debug|Any CPU.ActiveCfg = Debug|Any CPU
		{359496EF-0BBA-444E-B196-D093F4890D6E}.Debug|Any CPU.Build.0 = Debug|Any CPU
		{359496EF-0BBA-444E-B196-D093F4890D6E}.Release|Any CPU.ActiveCfg = Release|Any CPU
		{359496EF-0BBA-444E-B196-D093F4890D6E}.Release|Any CPU.Build.0 = Release|Any CPU
		{74ECE2D0-A899-4EB4-A467-5EDCADEE8277}.Debug|Any CPU.ActiveCfg = Debug|Any CPU
		{74ECE2D0-A899-4EB4-A467-5EDCADEE8277}.Debug|Any CPU.Build.0 = Debug|Any CPU
		{74ECE2D0-A899-4EB4-A467-5EDCADEE8277}.Release|Any CPU.ActiveCfg = Release|Any CPU
		{74ECE2D0-A899-4EB4-A467-5EDCADEE8277}.Release|Any CPU.Build.0 = Release|Any CPU
	EndGlobalSection
	GlobalSection(SolutionProperties) = preSolution
		HideSolutionNode = FALSE
	EndGlobalSection
	GlobalSection(ExtensibilityGlobals) = postSolution
		SolutionGuid = {5863D746-65BD-43AE-8B6D-CA294D6222ED}
	EndGlobalSection
EndGlobal
