
Microsoft Visual Studio Solution File, Format Version 12.00
# Visual Studio Version 17
VisualStudioVersion = 17.6.33712.159
MinimumVisualStudioVersion = 10.0.40219.1
Project("{FAE04EC0-301F-11D3-BF4B-00C04F79EFBC}") = "qlts_api", "qlts_api\qlts_api.csproj", "{60EA4FEA-77D9-486D-9509-8DB343CD65AD}"
EndProject
Global
	GlobalSection(SolutionConfigurationPlatforms) = preSolution
		Debug|Any CPU = Debug|Any CPU
		Release|Any CPU = Release|Any CPU
	EndGlobalSection
	GlobalSection(ProjectConfigurationPlatforms) = postSolution
		{60EA4FEA-77D9-486D-9509-8DB343CD65AD}.Debug|Any CPU.ActiveCfg = Debug|Any CPU
		{60EA4FEA-77D9-486D-9509-8DB343CD65AD}.Debug|Any CPU.Build.0 = Debug|Any CPU
		{60EA4FEA-77D9-486D-9509-8DB343CD65AD}.Release|Any CPU.ActiveCfg = Release|Any CPU
		{60EA4FEA-77D9-486D-9509-8DB343CD65AD}.Release|Any CPU.Build.0 = Release|Any CPU
	EndGlobalSection
	GlobalSection(SolutionProperties) = preSolution
		HideSolutionNode = FALSE
	EndGlobalSection
	GlobalSection(ExtensibilityGlobals) = postSolution
		SolutionGuid = {35DC8B2E-2463-49A5-9042-508B92B44EF0}
	EndGlobalSection
EndGlobal
